// !$*UTF8*$!
{
	archiveVersion = 1;
	classes = {
	};
	objectVersion = 56;
	objects = {

/* Begin PBXBuildFile section */
		4992D1392A2278DB007EEFC2 /* JX3DemoApp.swift in Sources */ = {isa = PBXBuildFile; fileRef = 4992D1382A2278DB007EEFC2 /* JX3DemoApp.swift */; };
		4992D13B2A2278DB007EEFC2 /* ContentView.swift in Sources */ = {isa = PBXBuildFile; fileRef = 4992D13A2A2278DB007EEFC2 /* ContentView.swift */; };
		4992D13D2A2278DD007EEFC2 /* Assets.xcassets in Resources */ = {isa = PBXBuildFile; fileRef = 4992D13C2A2278DD007EEFC2 /* Assets.xcassets */; };
		4992D1402A2278DD007EEFC2 /* Preview Assets.xcassets in Resources */ = {isa = PBXBuildFile; fileRef = 4992D13F2A2278DD007EEFC2 /* Preview Assets.xcassets */; };
		4992D14A2A2278DD007EEFC2 /* JX3DemoTests.swift in Sources */ = {isa = PBXBuildFile; fileRef = 4992D1492A2278DD007EEFC2 /* JX3DemoTests.swift */; };
		4992D1542A2278DD007EEFC2 /* JX3DemoUITests.swift in Sources */ = {isa = PBXBuildFile; fileRef = 4992D1532A2278DD007EEFC2 /* JX3DemoUITests.swift */; };
		4992D1562A2278DD007EEFC2 /* JX3DemoUITestsLaunchTests.swift in Sources */ = {isa = PBXBuildFile; fileRef = 4992D1552A2278DD007EEFC2 /* JX3DemoUITestsLaunchTests.swift */; };
		4992D1692A22F7B8007EEFC2 /* ServerStateView.swift in Sources */ = {isa = PBXBuildFile; fileRef = 4992D1682A22F7B8007EEFC2 /* ServerStateView.swift */; };
		4992D16B2A22F7D4007EEFC2 /* ServerStateItemView.swift in Sources */ = {isa = PBXBuildFile; fileRef = 4992D16A2A22F7D4007EEFC2 /* ServerStateItemView.swift */; };
		4992D16E2A22F839007EEFC2 /* ServerState.swift in Sources */ = {isa = PBXBuildFile; fileRef = 4992D16D2A22F839007EEFC2 /* ServerState.swift */; };
		4992D1712A22F884007EEFC2 /* ServerStateService.swift in Sources */ = {isa = PBXBuildFile; fileRef = 4992D1702A22F884007EEFC2 /* ServerStateService.swift */; };
		4992D1742A2300F4007EEFC2 /* NetworkManager.swift in Sources */ = {isa = PBXBuildFile; fileRef = 4992D1732A2300F4007EEFC2 /* NetworkManager.swift */; };
		4992D1762A2303F6007EEFC2 /* ServerStateViewModel.swift in Sources */ = {isa = PBXBuildFile; fileRef = 4992D1752A2303F6007EEFC2 /* ServerStateViewModel.swift */; };
		4992D1782A230B9D007EEFC2 /* ServerStateSectionView.swift in Sources */ = {isa = PBXBuildFile; fileRef = 4992D1772A230B9D007EEFC2 /* ServerStateSectionView.swift */; };
		4992D17B2A230DF3007EEFC2 /* ColorExtension.swift in Sources */ = {isa = PBXBuildFile; fileRef = 4992D17A2A230DF3007EEFC2 /* ColorExtension.swift */; };
		4992D17D2A2312A7007EEFC2 /* PreviewExtension.swift in Sources */ = {isa = PBXBuildFile; fileRef = 4992D17C2A2312A7007EEFC2 /* PreviewExtension.swift */; };
		4992D1822A234939007EEFC2 /* JX3.xcdatamodeld in Sources */ = {isa = PBXBuildFile; fileRef = 4992D1802A234939007EEFC2 /* JX3.xcdatamodeld */; };
		4992D1842A234D1C007EEFC2 /* CoreDataManager.swift in Sources */ = {isa = PBXBuildFile; fileRef = 4992D1832A234D1C007EEFC2 /* CoreDataManager.swift */; };
		4992D18C2A2391DD007EEFC2 /* WidgetKit.framework in Frameworks */ = {isa = PBXBuildFile; fileRef = 4992D18B2A2391DD007EEFC2 /* WidgetKit.framework */; };
		4992D18E2A2391DD007EEFC2 /* SwiftUI.framework in Frameworks */ = {isa = PBXBuildFile; fileRef = 4992D18D2A2391DD007EEFC2 /* SwiftUI.framework */; };
		4992D1912A2391DD007EEFC2 /* ServerStateWidgetBundle.swift in Sources */ = {isa = PBXBuildFile; fileRef = 4992D1902A2391DD007EEFC2 /* ServerStateWidgetBundle.swift */; };
		4992D1952A2391DD007EEFC2 /* ServerStateWidget.swift in Sources */ = {isa = PBXBuildFile; fileRef = 4992D1942A2391DD007EEFC2 /* ServerStateWidget.swift */; };
		4992D1982A2391DF007EEFC2 /* Assets.xcassets in Resources */ = {isa = PBXBuildFile; fileRef = 4992D1972A2391DF007EEFC2 /* Assets.xcassets */; };
		4992D19A2A2391DF007EEFC2 /* ServerStateWidget.intentdefinition in Sources */ = {isa = PBXBuildFile; fileRef = 4992D1962A2391DD007EEFC2 /* ServerStateWidget.intentdefinition */; };
		4992D19B2A2391DF007EEFC2 /* ServerStateWidget.intentdefinition in Sources */ = {isa = PBXBuildFile; fileRef = 4992D1962A2391DD007EEFC2 /* ServerStateWidget.intentdefinition */; };
		4992D19E2A2391DF007EEFC2 /* ServerStateWidgetExtension.appex in Embed Foundation Extensions */ = {isa = PBXBuildFile; fileRef = 4992D1892A2391DD007EEFC2 /* ServerStateWidgetExtension.appex */; settings = {ATTRIBUTES = (RemoveHeadersOnCopy, ); }; };
		4992D1AA2A23A355007EEFC2 /* ServerState.swift in Sources */ = {isa = PBXBuildFile; fileRef = 4992D16D2A22F839007EEFC2 /* ServerState.swift */; };
		4992D1B22A23A5FC007EEFC2 /* NetworkManager.swift in Sources */ = {isa = PBXBuildFile; fileRef = 4992D1732A2300F4007EEFC2 /* NetworkManager.swift */; };
		4992D1B52A23A6C1007EEFC2 /* NetworkService.swift in Sources */ = {isa = PBXBuildFile; fileRef = 4992D1B42A23A6C1007EEFC2 /* NetworkService.swift */; };
		4992D1B62A23A6C1007EEFC2 /* NetworkService.swift in Sources */ = {isa = PBXBuildFile; fileRef = 4992D1B42A23A6C1007EEFC2 /* NetworkService.swift */; };
		4992D1BE2A23C085007EEFC2 /* JX3MacAppApp.swift in Sources */ = {isa = PBXBuildFile; fileRef = 4992D1BD2A23C085007EEFC2 /* JX3MacAppApp.swift */; };
		4992D1C02A23C085007EEFC2 /* ContentView.swift in Sources */ = {isa = PBXBuildFile; fileRef = 4992D1BF2A23C085007EEFC2 /* ContentView.swift */; };
		4992D1C22A23C087007EEFC2 /* Assets.xcassets in Resources */ = {isa = PBXBuildFile; fileRef = 4992D1C12A23C087007EEFC2 /* Assets.xcassets */; };
		4992D1C52A23C087007EEFC2 /* Preview Assets.xcassets in Resources */ = {isa = PBXBuildFile; fileRef = 4992D1C42A23C087007EEFC2 /* Preview Assets.xcassets */; };
		4992D1D02A23C087007EEFC2 /* JX3MacAppTests.swift in Sources */ = {isa = PBXBuildFile; fileRef = 4992D1CF2A23C087007EEFC2 /* JX3MacAppTests.swift */; };
		4992D1DA2A23C087007EEFC2 /* JX3MacAppUITests.swift in Sources */ = {isa = PBXBuildFile; fileRef = 4992D1D92A23C087007EEFC2 /* JX3MacAppUITests.swift */; };
		4992D1DC2A23C087007EEFC2 /* JX3MacAppUITestsLaunchTests.swift in Sources */ = {isa = PBXBuildFile; fileRef = 4992D1DB2A23C087007EEFC2 /* JX3MacAppUITestsLaunchTests.swift */; };
/* End PBXBuildFile section */

/* Begin PBXContainerItemProxy section */
		4992D1462A2278DD007EEFC2 /* PBXContainerItemProxy */ = {
			isa = PBXContainerItemProxy;
			containerPortal = 4992D12D2A2278DB007EEFC2 /* Project object */;
			proxyType = 1;
			remoteGlobalIDString = 4992D1342A2278DB007EEFC2;
			remoteInfo = JX3Demo;
		};
		4992D1502A2278DD007EEFC2 /* PBXContainerItemProxy */ = {
			isa = PBXContainerItemProxy;
			containerPortal = 4992D12D2A2278DB007EEFC2 /* Project object */;
			proxyType = 1;
			remoteGlobalIDString = 4992D1342A2278DB007EEFC2;
			remoteInfo = JX3Demo;
		};
		4992D19C2A2391DF007EEFC2 /* PBXContainerItemProxy */ = {
			isa = PBXContainerItemProxy;
			containerPortal = 4992D12D2A2278DB007EEFC2 /* Project object */;
			proxyType = 1;
			remoteGlobalIDString = 4992D1882A2391DD007EEFC2;
			remoteInfo = ServerStateWidgetExtension;
		};
		4992D1CC2A23C087007EEFC2 /* PBXContainerItemProxy */ = {
			isa = PBXContainerItemProxy;
			containerPortal = 4992D12D2A2278DB007EEFC2 /* Project object */;
			proxyType = 1;
			remoteGlobalIDString = 4992D1BA2A23C085007EEFC2;
			remoteInfo = JX3MacApp;
		};
		4992D1D62A23C087007EEFC2 /* PBXContainerItemProxy */ = {
			isa = PBXContainerItemProxy;
			containerPortal = 4992D12D2A2278DB007EEFC2 /* Project object */;
			proxyType = 1;
			remoteGlobalIDString = 4992D1BA2A23C085007EEFC2;
			remoteInfo = JX3MacApp;
		};
/* End PBXContainerItemProxy section */

/* Begin PBXCopyFilesBuildPhase section */
		4992D1A22A2391DF007EEFC2 /* Embed Foundation Extensions */ = {
			isa = PBXCopyFilesBuildPhase;
			buildActionMask = 2147483647;
			dstPath = "";
			dstSubfolderSpec = 13;
			files = (
				4992D19E2A2391DF007EEFC2 /* ServerStateWidgetExtension.appex in Embed Foundation Extensions */,
			);
			name = "Embed Foundation Extensions";
			runOnlyForDeploymentPostprocessing = 0;
		};
/* End PBXCopyFilesBuildPhase section */

/* Begin PBXFileReference section */
		4992D1352A2278DB007EEFC2 /* JX3Demo.app */ = {isa = PBXFileReference; explicitFileType = wrapper.application; includeInIndex = 0; path = JX3Demo.app; sourceTree = BUILT_PRODUCTS_DIR; };
		4992D1382A2278DB007EEFC2 /* JX3DemoApp.swift */ = {isa = PBXFileReference; lastKnownFileType = sourcecode.swift; path = JX3DemoApp.swift; sourceTree = "<group>"; };
		4992D13A2A2278DB007EEFC2 /* ContentView.swift */ = {isa = PBXFileReference; lastKnownFileType = sourcecode.swift; path = ContentView.swift; sourceTree = "<group>"; };
		4992D13C2A2278DD007EEFC2 /* Assets.xcassets */ = {isa = PBXFileReference; lastKnownFileType = folder.assetcatalog; path = Assets.xcassets; sourceTree = "<group>"; };
		4992D13F2A2278DD007EEFC2 /* Preview Assets.xcassets */ = {isa = PBXFileReference; lastKnownFileType = folder.assetcatalog; path = "Preview Assets.xcassets"; sourceTree = "<group>"; };
		4992D1452A2278DD007EEFC2 /* JX3DemoTests.xctest */ = {isa = PBXFileReference; explicitFileType = wrapper.cfbundle; includeInIndex = 0; path = JX3DemoTests.xctest; sourceTree = BUILT_PRODUCTS_DIR; };
		4992D1492A2278DD007EEFC2 /* JX3DemoTests.swift */ = {isa = PBXFileReference; lastKnownFileType = sourcecode.swift; path = JX3DemoTests.swift; sourceTree = "<group>"; };
		4992D14F2A2278DD007EEFC2 /* JX3DemoUITests.xctest */ = {isa = PBXFileReference; explicitFileType = wrapper.cfbundle; includeInIndex = 0; path = JX3DemoUITests.xctest; sourceTree = BUILT_PRODUCTS_DIR; };
		4992D1532A2278DD007EEFC2 /* JX3DemoUITests.swift */ = {isa = PBXFileReference; lastKnownFileType = sourcecode.swift; path = JX3DemoUITests.swift; sourceTree = "<group>"; };
		4992D1552A2278DD007EEFC2 /* JX3DemoUITestsLaunchTests.swift */ = {isa = PBXFileReference; lastKnownFileType = sourcecode.swift; path = JX3DemoUITestsLaunchTests.swift; sourceTree = "<group>"; };
		4992D1682A22F7B8007EEFC2 /* ServerStateView.swift */ = {isa = PBXFileReference; lastKnownFileType = sourcecode.swift; path = ServerStateView.swift; sourceTree = "<group>"; };
		4992D16A2A22F7D4007EEFC2 /* ServerStateItemView.swift */ = {isa = PBXFileReference; lastKnownFileType = sourcecode.swift; path = ServerStateItemView.swift; sourceTree = "<group>"; };
		4992D16D2A22F839007EEFC2 /* ServerState.swift */ = {isa = PBXFileReference; lastKnownFileType = sourcecode.swift; path = ServerState.swift; sourceTree = "<group>"; };
		4992D1702A22F884007EEFC2 /* ServerStateService.swift */ = {isa = PBXFileReference; lastKnownFileType = sourcecode.swift; path = ServerStateService.swift; sourceTree = "<group>"; };
		4992D1732A2300F4007EEFC2 /* NetworkManager.swift */ = {isa = PBXFileReference; lastKnownFileType = sourcecode.swift; path = NetworkManager.swift; sourceTree = "<group>"; };
		4992D1752A2303F6007EEFC2 /* ServerStateViewModel.swift */ = {isa = PBXFileReference; lastKnownFileType = sourcecode.swift; path = ServerStateViewModel.swift; sourceTree = "<group>"; };
		4992D1772A230B9D007EEFC2 /* ServerStateSectionView.swift */ = {isa = PBXFileReference; lastKnownFileType = sourcecode.swift; path = ServerStateSectionView.swift; sourceTree = "<group>"; };
		4992D17A2A230DF3007EEFC2 /* ColorExtension.swift */ = {isa = PBXFileReference; lastKnownFileType = sourcecode.swift; path = ColorExtension.swift; sourceTree = "<group>"; };
		4992D17C2A2312A7007EEFC2 /* PreviewExtension.swift */ = {isa = PBXFileReference; lastKnownFileType = sourcecode.swift; path = PreviewExtension.swift; sourceTree = "<group>"; };
		4992D1812A234939007EEFC2 /* JX3.xcdatamodel */ = {isa = PBXFileReference; lastKnownFileType = wrapper.xcdatamodel; path = JX3.xcdatamodel; sourceTree = "<group>"; };
		4992D1832A234D1C007EEFC2 /* CoreDataManager.swift */ = {isa = PBXFileReference; lastKnownFileType = sourcecode.swift; path = CoreDataManager.swift; sourceTree = "<group>"; };
		4992D1892A2391DD007EEFC2 /* ServerStateWidgetExtension.appex */ = {isa = PBXFileReference; explicitFileType = "wrapper.app-extension"; includeInIndex = 0; path = ServerStateWidgetExtension.appex; sourceTree = BUILT_PRODUCTS_DIR; };
		4992D18B2A2391DD007EEFC2 /* WidgetKit.framework */ = {isa = PBXFileReference; lastKnownFileType = wrapper.framework; name = WidgetKit.framework; path = System/Library/Frameworks/WidgetKit.framework; sourceTree = SDKROOT; };
		4992D18D2A2391DD007EEFC2 /* SwiftUI.framework */ = {isa = PBXFileReference; lastKnownFileType = wrapper.framework; name = SwiftUI.framework; path = System/Library/Frameworks/SwiftUI.framework; sourceTree = SDKROOT; };
		4992D1902A2391DD007EEFC2 /* ServerStateWidgetBundle.swift */ = {isa = PBXFileReference; lastKnownFileType = sourcecode.swift; path = ServerStateWidgetBundle.swift; sourceTree = "<group>"; };
		4992D1942A2391DD007EEFC2 /* ServerStateWidget.swift */ = {isa = PBXFileReference; lastKnownFileType = sourcecode.swift; path = ServerStateWidget.swift; sourceTree = "<group>"; };
		4992D1962A2391DD007EEFC2 /* ServerStateWidget.intentdefinition */ = {isa = PBXFileReference; lastKnownFileType = file.intentdefinition; path = ServerStateWidget.intentdefinition; sourceTree = "<group>"; };
		4992D1972A2391DF007EEFC2 /* Assets.xcassets */ = {isa = PBXFileReference; lastKnownFileType = folder.assetcatalog; path = Assets.xcassets; sourceTree = "<group>"; };
		4992D1992A2391DF007EEFC2 /* Info.plist */ = {isa = PBXFileReference; lastKnownFileType = text.plist.xml; path = Info.plist; sourceTree = "<group>"; };
		4992D1A32A239B29007EEFC2 /* Info.plist */ = {isa = PBXFileReference; lastKnownFileType = text.plist; path = Info.plist; sourceTree = "<group>"; };
		4992D1B42A23A6C1007EEFC2 /* NetworkService.swift */ = {isa = PBXFileReference; lastKnownFileType = sourcecode.swift; path = NetworkService.swift; sourceTree = "<group>"; };
		4992D1BB2A23C085007EEFC2 /* JX3MacApp.app */ = {isa = PBXFileReference; explicitFileType = wrapper.application; includeInIndex = 0; path = JX3MacApp.app; sourceTree = BUILT_PRODUCTS_DIR; };
		4992D1BD2A23C085007EEFC2 /* JX3MacAppApp.swift */ = {isa = PBXFileReference; lastKnownFileType = sourcecode.swift; path = JX3MacAppApp.swift; sourceTree = "<group>"; };
		4992D1BF2A23C085007EEFC2 /* ContentView.swift */ = {isa = PBXFileReference; lastKnownFileType = sourcecode.swift; path = ContentView.swift; sourceTree = "<group>"; };
		4992D1C12A23C087007EEFC2 /* Assets.xcassets */ = {isa = PBXFileReference; lastKnownFileType = folder.assetcatalog; path = Assets.xcassets; sourceTree = "<group>"; };
		4992D1C42A23C087007EEFC2 /* Preview Assets.xcassets */ = {isa = PBXFileReference; lastKnownFileType = folder.assetcatalog; path = "Preview Assets.xcassets"; sourceTree = "<group>"; };
		4992D1C62A23C087007EEFC2 /* JX3MacApp.entitlements */ = {isa = PBXFileReference; lastKnownFileType = text.plist.entitlements; path = JX3MacApp.entitlements; sourceTree = "<group>"; };
		4992D1CB2A23C087007EEFC2 /* JX3MacAppTests.xctest */ = {isa = PBXFileReference; explicitFileType = wrapper.cfbundle; includeInIndex = 0; path = JX3MacAppTests.xctest; sourceTree = BUILT_PRODUCTS_DIR; };
		4992D1CF2A23C087007EEFC2 /* JX3MacAppTests.swift */ = {isa = PBXFileReference; lastKnownFileType = sourcecode.swift; path = JX3MacAppTests.swift; sourceTree = "<group>"; };
		4992D1D52A23C087007EEFC2 /* JX3MacAppUITests.xctest */ = {isa = PBXFileReference; explicitFileType = wrapper.cfbundle; includeInIndex = 0; path = JX3MacAppUITests.xctest; sourceTree = BUILT_PRODUCTS_DIR; };
		4992D1D92A23C087007EEFC2 /* JX3MacAppUITests.swift */ = {isa = PBXFileReference; lastKnownFileType = sourcecode.swift; path = JX3MacAppUITests.swift; sourceTree = "<group>"; };
		4992D1DB2A23C087007EEFC2 /* JX3MacAppUITestsLaunchTests.swift */ = {isa = PBXFileReference; lastKnownFileType = sourcecode.swift; path = JX3MacAppUITestsLaunchTests.swift; sourceTree = "<group>"; };
/* End PBXFileReference section */

/* Begin PBXFrameworksBuildPhase section */
		4992D1322A2278DB007EEFC2 /* Frameworks */ = {
			isa = PBXFrameworksBuildPhase;
			buildActionMask = 2147483647;
			files = (
			);
			runOnlyForDeploymentPostprocessing = 0;
		};
		4992D1422A2278DD007EEFC2 /* Frameworks */ = {
			isa = PBXFrameworksBuildPhase;
			buildActionMask = 2147483647;
			files = (
			);
			runOnlyForDeploymentPostprocessing = 0;
		};
		4992D14C2A2278DD007EEFC2 /* Frameworks */ = {
			isa = PBXFrameworksBuildPhase;
			buildActionMask = 2147483647;
			files = (
			);
			runOnlyForDeploymentPostprocessing = 0;
		};
		4992D1862A2391DD007EEFC2 /* Frameworks */ = {
			isa = PBXFrameworksBuildPhase;
			buildActionMask = 2147483647;
			files = (
				4992D18E2A2391DD007EEFC2 /* SwiftUI.framework in Frameworks */,
				4992D18C2A2391DD007EEFC2 /* WidgetKit.framework in Frameworks */,
			);
			runOnlyForDeploymentPostprocessing = 0;
		};
		4992D1B82A23C085007EEFC2 /* Frameworks */ = {
			isa = PBXFrameworksBuildPhase;
			buildActionMask = 2147483647;
			files = (
			);
			runOnlyForDeploymentPostprocessing = 0;
		};
		4992D1C82A23C087007EEFC2 /* Frameworks */ = {
			isa = PBXFrameworksBuildPhase;
			buildActionMask = 2147483647;
			files = (
			);
			runOnlyForDeploymentPostprocessing = 0;
		};
		4992D1D22A23C087007EEFC2 /* Frameworks */ = {
			isa = PBXFrameworksBuildPhase;
			buildActionMask = 2147483647;
			files = (
			);
			runOnlyForDeploymentPostprocessing = 0;
		};
/* End PBXFrameworksBuildPhase section */

/* Begin PBXGroup section */
		4992D12C2A2278DB007EEFC2 = {
			isa = PBXGroup;
			children = (
				4992D1A42A23A2BD007EEFC2 /* JX3Base */,
				4992D1372A2278DB007EEFC2 /* JX3Demo */,
				4992D1482A2278DD007EEFC2 /* JX3DemoTests */,
				4992D1522A2278DD007EEFC2 /* JX3DemoUITests */,
				4992D18F2A2391DD007EEFC2 /* ServerStateWidget */,
				4992D1BC2A23C085007EEFC2 /* JX3MacApp */,
				4992D1CE2A23C087007EEFC2 /* JX3MacAppTests */,
				4992D1D82A23C087007EEFC2 /* JX3MacAppUITests */,
				4992D18A2A2391DD007EEFC2 /* Frameworks */,
				4992D1362A2278DB007EEFC2 /* Products */,
			);
			sourceTree = "<group>";
		};
		4992D1362A2278DB007EEFC2 /* Products */ = {
			isa = PBXGroup;
			children = (
				4992D1352A2278DB007EEFC2 /* JX3Demo.app */,
				4992D1452A2278DD007EEFC2 /* JX3DemoTests.xctest */,
				4992D14F2A2278DD007EEFC2 /* JX3DemoUITests.xctest */,
				4992D1892A2391DD007EEFC2 /* ServerStateWidgetExtension.appex */,
				4992D1BB2A23C085007EEFC2 /* JX3MacApp.app */,
				4992D1CB2A23C087007EEFC2 /* JX3MacAppTests.xctest */,
				4992D1D52A23C087007EEFC2 /* JX3MacAppUITests.xctest */,
			);
			name = Products;
			sourceTree = "<group>";
		};
		4992D1372A2278DB007EEFC2 /* JX3Demo */ = {
			isa = PBXGroup;
			children = (
				4992D1A32A239B29007EEFC2 /* Info.plist */,
				4992D16F2A22F84E007EEFC2 /* Services */,
				4992D1792A230DE6007EEFC2 /* Extension */,
				4992D1722A2300E6007EEFC2 /* Util */,
				4992D1622A22F76F007EEFC2 /* Core */,
				4992D1382A2278DB007EEFC2 /* JX3DemoApp.swift */,
				4992D13A2A2278DB007EEFC2 /* ContentView.swift */,
				4992D13C2A2278DD007EEFC2 /* Assets.xcassets */,
				4992D13E2A2278DD007EEFC2 /* Preview Content */,
				4992D1802A234939007EEFC2 /* JX3.xcdatamodeld */,
			);
			path = JX3Demo;
			sourceTree = "<group>";
		};
		4992D13E2A2278DD007EEFC2 /* Preview Content */ = {
			isa = PBXGroup;
			children = (
				4992D13F2A2278DD007EEFC2 /* Preview Assets.xcassets */,
			);
			path = "Preview Content";
			sourceTree = "<group>";
		};
		4992D1482A2278DD007EEFC2 /* JX3DemoTests */ = {
			isa = PBXGroup;
			children = (
				4992D1492A2278DD007EEFC2 /* JX3DemoTests.swift */,
			);
			path = JX3DemoTests;
			sourceTree = "<group>";
		};
		4992D1522A2278DD007EEFC2 /* JX3DemoUITests */ = {
			isa = PBXGroup;
			children = (
				4992D1532A2278DD007EEFC2 /* JX3DemoUITests.swift */,
				4992D1552A2278DD007EEFC2 /* JX3DemoUITestsLaunchTests.swift */,
			);
			path = JX3DemoUITests;
			sourceTree = "<group>";
		};
		4992D1622A22F76F007EEFC2 /* Core */ = {
			isa = PBXGroup;
			children = (
				4992D1632A22F777007EEFC2 /* ServerState */,
			);
			path = Core;
			sourceTree = "<group>";
		};
		4992D1632A22F777007EEFC2 /* ServerState */ = {
			isa = PBXGroup;
			children = (
				4992D1652A22F799007EEFC2 /* ViewModels */,
				4992D1642A22F793007EEFC2 /* Views */,
			);
			path = ServerState;
			sourceTree = "<group>";
		};
		4992D1642A22F793007EEFC2 /* Views */ = {
			isa = PBXGroup;
			children = (
				4992D1682A22F7B8007EEFC2 /* ServerStateView.swift */,
				4992D16A2A22F7D4007EEFC2 /* ServerStateItemView.swift */,
				4992D1772A230B9D007EEFC2 /* ServerStateSectionView.swift */,
			);
			path = Views;
			sourceTree = "<group>";
		};
		4992D1652A22F799007EEFC2 /* ViewModels */ = {
			isa = PBXGroup;
			children = (
				4992D1752A2303F6007EEFC2 /* ServerStateViewModel.swift */,
			);
			path = ViewModels;
			sourceTree = "<group>";
		};
		4992D16C2A22F7F4007EEFC2 /* Entity */ = {
			isa = PBXGroup;
			children = (
				4992D16D2A22F839007EEFC2 /* ServerState.swift */,
			);
			path = Entity;
			sourceTree = "<group>";
		};
		4992D16F2A22F84E007EEFC2 /* Services */ = {
			isa = PBXGroup;
			children = (
				4992D1702A22F884007EEFC2 /* ServerStateService.swift */,
			);
			path = Services;
			sourceTree = "<group>";
		};
		4992D1722A2300E6007EEFC2 /* Util */ = {
			isa = PBXGroup;
			children = (
				4992D1832A234D1C007EEFC2 /* CoreDataManager.swift */,
			);
			path = Util;
			sourceTree = "<group>";
		};
		4992D1792A230DE6007EEFC2 /* Extension */ = {
			isa = PBXGroup;
			children = (
				4992D17A2A230DF3007EEFC2 /* ColorExtension.swift */,
				4992D17C2A2312A7007EEFC2 /* PreviewExtension.swift */,
			);
			path = Extension;
			sourceTree = "<group>";
		};
		4992D18A2A2391DD007EEFC2 /* Frameworks */ = {
			isa = PBXGroup;
			children = (
				4992D18B2A2391DD007EEFC2 /* WidgetKit.framework */,
				4992D18D2A2391DD007EEFC2 /* SwiftUI.framework */,
			);
			name = Frameworks;
			sourceTree = "<group>";
		};
		4992D18F2A2391DD007EEFC2 /* ServerStateWidget */ = {
			isa = PBXGroup;
			children = (
				4992D1B42A23A6C1007EEFC2 /* NetworkService.swift */,
				4992D1902A2391DD007EEFC2 /* ServerStateWidgetBundle.swift */,
				4992D1942A2391DD007EEFC2 /* ServerStateWidget.swift */,
				4992D1962A2391DD007EEFC2 /* ServerStateWidget.intentdefinition */,
				4992D1972A2391DF007EEFC2 /* Assets.xcassets */,
				4992D1992A2391DF007EEFC2 /* Info.plist */,
			);
			path = ServerStateWidget;
			sourceTree = "<group>";
		};
		4992D1A42A23A2BD007EEFC2 /* JX3Base */ = {
			isa = PBXGroup;
			children = (
				4992D1B12A23A5EA007EEFC2 /* Util */,
				4992D16C2A22F7F4007EEFC2 /* Entity */,
			);
			path = JX3Base;
			sourceTree = "<group>";
		};
		4992D1B12A23A5EA007EEFC2 /* Util */ = {
			isa = PBXGroup;
			children = (
				4992D1732A2300F4007EEFC2 /* NetworkManager.swift */,
			);
			path = Util;
			sourceTree = "<group>";
		};
		4992D1BC2A23C085007EEFC2 /* JX3MacApp */ = {
			isa = PBXGroup;
			children = (
				4992D1BD2A23C085007EEFC2 /* JX3MacAppApp.swift */,
				4992D1BF2A23C085007EEFC2 /* ContentView.swift */,
				4992D1C12A23C087007EEFC2 /* Assets.xcassets */,
				4992D1C62A23C087007EEFC2 /* JX3MacApp.entitlements */,
				4992D1C32A23C087007EEFC2 /* Preview Content */,
			);
			path = JX3MacApp;
			sourceTree = "<group>";
		};
		4992D1C32A23C087007EEFC2 /* Preview Content */ = {
			isa = PBXGroup;
			children = (
				4992D1C42A23C087007EEFC2 /* Preview Assets.xcassets */,
			);
			path = "Preview Content";
			sourceTree = "<group>";
		};
		4992D1CE2A23C087007EEFC2 /* JX3MacAppTests */ = {
			isa = PBXGroup;
			children = (
				4992D1CF2A23C087007EEFC2 /* JX3MacAppTests.swift */,
			);
			path = JX3MacAppTests;
			sourceTree = "<group>";
		};
		4992D1D82A23C087007EEFC2 /* JX3MacAppUITests */ = {
			isa = PBXGroup;
			children = (
				4992D1D92A23C087007EEFC2 /* JX3MacAppUITests.swift */,
				4992D1DB2A23C087007EEFC2 /* JX3MacAppUITestsLaunchTests.swift */,
			);
			path = JX3MacAppUITests;
			sourceTree = "<group>";
		};
/* End PBXGroup section */

/* Begin PBXNativeTarget section */
		4992D1342A2278DB007EEFC2 /* JX3Demo */ = {
			isa = PBXNativeTarget;
			buildConfigurationList = 4992D1592A2278DD007EEFC2 /* Build configuration list for PBXNativeTarget "JX3Demo" */;
			buildPhases = (
				4992D1312A2278DB007EEFC2 /* Sources */,
				4992D1322A2278DB007EEFC2 /* Frameworks */,
				4992D1332A2278DB007EEFC2 /* Resources */,
				4992D1A22A2391DF007EEFC2 /* Embed Foundation Extensions */,
			);
			buildRules = (
			);
			dependencies = (
				4992D19D2A2391DF007EEFC2 /* PBXTargetDependency */,
			);
			name = JX3Demo;
			productName = JX3Demo;
			productReference = 4992D1352A2278DB007EEFC2 /* JX3Demo.app */;
			productType = "com.apple.product-type.application";
		};
		4992D1442A2278DD007EEFC2 /* JX3DemoTests */ = {
			isa = PBXNativeTarget;
			buildConfigurationList = 4992D15C2A2278DD007EEFC2 /* Build configuration list for PBXNativeTarget "JX3DemoTests" */;
			buildPhases = (
				4992D1412A2278DD007EEFC2 /* Sources */,
				4992D1422A2278DD007EEFC2 /* Frameworks */,
				4992D1432A2278DD007EEFC2 /* Resources */,
			);
			buildRules = (
			);
			dependencies = (
				4992D1472A2278DD007EEFC2 /* PBXTargetDependency */,
			);
			name = JX3DemoTests;
			productName = JX3DemoTests;
			productReference = 4992D1452A2278DD007EEFC2 /* JX3DemoTests.xctest */;
			productType = "com.apple.product-type.bundle.unit-test";
		};
		4992D14E2A2278DD007EEFC2 /* JX3DemoUITests */ = {
			isa = PBXNativeTarget;
			buildConfigurationList = 4992D15F2A2278DD007EEFC2 /* Build configuration list for PBXNativeTarget "JX3DemoUITests" */;
			buildPhases = (
				4992D14B2A2278DD007EEFC2 /* Sources */,
				4992D14C2A2278DD007EEFC2 /* Frameworks */,
				4992D14D2A2278DD007EEFC2 /* Resources */,
			);
			buildRules = (
			);
			dependencies = (
				4992D1512A2278DD007EEFC2 /* PBXTargetDependency */,
			);
			name = JX3DemoUITests;
			productName = JX3DemoUITests;
			productReference = 4992D14F2A2278DD007EEFC2 /* JX3DemoUITests.xctest */;
			productType = "com.apple.product-type.bundle.ui-testing";
		};
		4992D1882A2391DD007EEFC2 /* ServerStateWidgetExtension */ = {
			isa = PBXNativeTarget;
			buildConfigurationList = 4992D19F2A2391DF007EEFC2 /* Build configuration list for PBXNativeTarget "ServerStateWidgetExtension" */;
			buildPhases = (
				4992D1852A2391DD007EEFC2 /* Sources */,
				4992D1862A2391DD007EEFC2 /* Frameworks */,
				4992D1872A2391DD007EEFC2 /* Resources */,
			);
			buildRules = (
			);
			dependencies = (
			);
			name = ServerStateWidgetExtension;
			productName = ServerStateWidgetExtension;
			productReference = 4992D1892A2391DD007EEFC2 /* ServerStateWidgetExtension.appex */;
			productType = "com.apple.product-type.app-extension";
		};
		4992D1BA2A23C085007EEFC2 /* JX3MacApp */ = {
			isa = PBXNativeTarget;
			buildConfigurationList = 4992D1DD2A23C087007EEFC2 /* Build configuration list for PBXNativeTarget "JX3MacApp" */;
			buildPhases = (
				4992D1B72A23C085007EEFC2 /* Sources */,
				4992D1B82A23C085007EEFC2 /* Frameworks */,
				4992D1B92A23C085007EEFC2 /* Resources */,
			);
			buildRules = (
			);
			dependencies = (
			);
			name = JX3MacApp;
			productName = JX3MacApp;
			productReference = 4992D1BB2A23C085007EEFC2 /* JX3MacApp.app */;
			productType = "com.apple.product-type.application";
		};
		4992D1CA2A23C087007EEFC2 /* JX3MacAppTests */ = {
			isa = PBXNativeTarget;
			buildConfigurationList = 4992D1E02A23C087007EEFC2 /* Build configuration list for PBXNativeTarget "JX3MacAppTests" */;
			buildPhases = (
				4992D1C72A23C087007EEFC2 /* Sources */,
				4992D1C82A23C087007EEFC2 /* Frameworks */,
				4992D1C92A23C087007EEFC2 /* Resources */,
			);
			buildRules = (
			);
			dependencies = (
				4992D1CD2A23C087007EEFC2 /* PBXTargetDependency */,
			);
			name = JX3MacAppTests;
			productName = JX3MacAppTests;
			productReference = 4992D1CB2A23C087007EEFC2 /* JX3MacAppTests.xctest */;
			productType = "com.apple.product-type.bundle.unit-test";
		};
		4992D1D42A23C087007EEFC2 /* JX3MacAppUITests */ = {
			isa = PBXNativeTarget;
			buildConfigurationList = 4992D1E32A23C087007EEFC2 /* Build configuration list for PBXNativeTarget "JX3MacAppUITests" */;
			buildPhases = (
				4992D1D12A23C087007EEFC2 /* Sources */,
				4992D1D22A23C087007EEFC2 /* Frameworks */,
				4992D1D32A23C087007EEFC2 /* Resources */,
			);
			buildRules = (
			);
			dependencies = (
				4992D1D72A23C087007EEFC2 /* PBXTargetDependency */,
			);
			name = JX3MacAppUITests;
			productName = JX3MacAppUITests;
			productReference = 4992D1D52A23C087007EEFC2 /* JX3MacAppUITests.xctest */;
			productType = "com.apple.product-type.bundle.ui-testing";
		};
/* End PBXNativeTarget section */

/* Begin PBXProject section */
		4992D12D2A2278DB007EEFC2 /* Project object */ = {
			isa = PBXProject;
			attributes = {
				BuildIndependentTargetsInParallel = 1;
				LastSwiftUpdateCheck = 1430;
				LastUpgradeCheck = 1430;
				TargetAttributes = {
					4992D1342A2278DB007EEFC2 = {
						CreatedOnToolsVersion = 14.3;
					};
					4992D1442A2278DD007EEFC2 = {
						CreatedOnToolsVersion = 14.3;
						TestTargetID = 4992D1342A2278DB007EEFC2;
					};
					4992D14E2A2278DD007EEFC2 = {
						CreatedOnToolsVersion = 14.3;
						TestTargetID = 4992D1342A2278DB007EEFC2;
					};
					4992D1882A2391DD007EEFC2 = {
						CreatedOnToolsVersion = 14.3;
					};
					4992D1BA2A23C085007EEFC2 = {
						CreatedOnToolsVersion = 14.3;
					};
					4992D1CA2A23C087007EEFC2 = {
						CreatedOnToolsVersion = 14.3;
						TestTargetID = 4992D1BA2A23C085007EEFC2;
					};
					4992D1D42A23C087007EEFC2 = {
						CreatedOnToolsVersion = 14.3;
						TestTargetID = 4992D1BA2A23C085007EEFC2;
					};
				};
			};
			buildConfigurationList = 4992D1302A2278DB007EEFC2 /* Build configuration list for PBXProject "JX3Demo" */;
			compatibilityVersion = "Xcode 14.0";
			developmentRegion = en;
			hasScannedForEncodings = 0;
			knownRegions = (
				en,
				Base,
			);
			mainGroup = 4992D12C2A2278DB007EEFC2;
			productRefGroup = 4992D1362A2278DB007EEFC2 /* Products */;
			projectDirPath = "";
			projectRoot = "";
			targets = (
				4992D1342A2278DB007EEFC2 /* JX3Demo */,
				4992D1442A2278DD007EEFC2 /* JX3DemoTests */,
				4992D14E2A2278DD007EEFC2 /* JX3DemoUITests */,
				4992D1882A2391DD007EEFC2 /* ServerStateWidgetExtension */,
				4992D1BA2A23C085007EEFC2 /* JX3MacApp */,
				4992D1CA2A23C087007EEFC2 /* JX3MacAppTests */,
				4992D1D42A23C087007EEFC2 /* JX3MacAppUITests */,
			);
		};
/* End PBXProject section */

/* Begin PBXResourcesBuildPhase section */
		4992D1332A2278DB007EEFC2 /* Resources */ = {
			isa = PBXResourcesBuildPhase;
			buildActionMask = 2147483647;
			files = (
				4992D1402A2278DD007EEFC2 /* Preview Assets.xcassets in Resources */,
				4992D13D2A2278DD007EEFC2 /* Assets.xcassets in Resources */,
			);
			runOnlyForDeploymentPostprocessing = 0;
		};
		4992D1432A2278DD007EEFC2 /* Resources */ = {
			isa = PBXResourcesBuildPhase;
			buildActionMask = 2147483647;
			files = (
			);
			runOnlyForDeploymentPostprocessing = 0;
		};
		4992D14D2A2278DD007EEFC2 /* Resources */ = {
			isa = PBXResourcesBuildPhase;
			buildActionMask = 2147483647;
			files = (
			);
			runOnlyForDeploymentPostprocessing = 0;
		};
		4992D1872A2391DD007EEFC2 /* Resources */ = {
			isa = PBXResourcesBuildPhase;
			buildActionMask = 2147483647;
			files = (
				4992D1982A2391DF007EEFC2 /* Assets.xcassets in Resources */,
			);
			runOnlyForDeploymentPostprocessing = 0;
		};
		4992D1B92A23C085007EEFC2 /* Resources */ = {
			isa = PBXResourcesBuildPhase;
			buildActionMask = 2147483647;
			files = (
				4992D1C52A23C087007EEFC2 /* Preview Assets.xcassets in Resources */,
				4992D1C22A23C087007EEFC2 /* Assets.xcassets in Resources */,
			);
			runOnlyForDeploymentPostprocessing = 0;
		};
		4992D1C92A23C087007EEFC2 /* Resources */ = {
			isa = PBXResourcesBuildPhase;
			buildActionMask = 2147483647;
			files = (
			);
			runOnlyForDeploymentPostprocessing = 0;
		};
		4992D1D32A23C087007EEFC2 /* Resources */ = {
			isa = PBXResourcesBuildPhase;
			buildActionMask = 2147483647;
			files = (
			);
			runOnlyForDeploymentPostprocessing = 0;
		};
/* End PBXResourcesBuildPhase section */

/* Begin PBXSourcesBuildPhase section */
		4992D1312A2278DB007EEFC2 /* Sources */ = {
			isa = PBXSourcesBuildPhase;
			buildActionMask = 2147483647;
			files = (
				4992D17B2A230DF3007EEFC2 /* ColorExtension.swift in Sources */,
				4992D1782A230B9D007EEFC2 /* ServerStateSectionView.swift in Sources */,
				4992D13B2A2278DB007EEFC2 /* ContentView.swift in Sources */,
				4992D1762A2303F6007EEFC2 /* ServerStateViewModel.swift in Sources */,
				4992D1392A2278DB007EEFC2 /* JX3DemoApp.swift in Sources */,
				4992D16E2A22F839007EEFC2 /* ServerState.swift in Sources */,
				4992D19B2A2391DF007EEFC2 /* ServerStateWidget.intentdefinition in Sources */,
				4992D1742A2300F4007EEFC2 /* NetworkManager.swift in Sources */,
				4992D16B2A22F7D4007EEFC2 /* ServerStateItemView.swift in Sources */,
				4992D1712A22F884007EEFC2 /* ServerStateService.swift in Sources */,
				4992D1B52A23A6C1007EEFC2 /* NetworkService.swift in Sources */,
				4992D1692A22F7B8007EEFC2 /* ServerStateView.swift in Sources */,
				4992D1822A234939007EEFC2 /* JX3.xcdatamodeld in Sources */,
				4992D17D2A2312A7007EEFC2 /* PreviewExtension.swift in Sources */,
				4992D1842A234D1C007EEFC2 /* CoreDataManager.swift in Sources */,
			);
			runOnlyForDeploymentPostprocessing = 0;
		};
		4992D1412A2278DD007EEFC2 /* Sources */ = {
			isa = PBXSourcesBuildPhase;
			buildActionMask = 2147483647;
			files = (
				4992D14A2A2278DD007EEFC2 /* JX3DemoTests.swift in Sources */,
			);
			runOnlyForDeploymentPostprocessing = 0;
		};
		4992D14B2A2278DD007EEFC2 /* Sources */ = {
			isa = PBXSourcesBuildPhase;
			buildActionMask = 2147483647;
			files = (
				4992D1542A2278DD007EEFC2 /* JX3DemoUITests.swift in Sources */,
				4992D1562A2278DD007EEFC2 /* JX3DemoUITestsLaunchTests.swift in Sources */,
			);
			runOnlyForDeploymentPostprocessing = 0;
		};
		4992D1852A2391DD007EEFC2 /* Sources */ = {
			isa = PBXSourcesBuildPhase;
			buildActionMask = 2147483647;
			files = (
				4992D1B22A23A5FC007EEFC2 /* NetworkManager.swift in Sources */,
				4992D1AA2A23A355007EEFC2 /* ServerState.swift in Sources */,
				4992D1912A2391DD007EEFC2 /* ServerStateWidgetBundle.swift in Sources */,
				4992D1952A2391DD007EEFC2 /* ServerStateWidget.swift in Sources */,
				4992D1B62A23A6C1007EEFC2 /* NetworkService.swift in Sources */,
				4992D19A2A2391DF007EEFC2 /* ServerStateWidget.intentdefinition in Sources */,
			);
			runOnlyForDeploymentPostprocessing = 0;
		};
		4992D1B72A23C085007EEFC2 /* Sources */ = {
			isa = PBXSourcesBuildPhase;
			buildActionMask = 2147483647;
			files = (
				4992D1C02A23C085007EEFC2 /* ContentView.swift in Sources */,
				4992D1BE2A23C085007EEFC2 /* JX3MacAppApp.swift in Sources */,
			);
			runOnlyForDeploymentPostprocessing = 0;
		};
		4992D1C72A23C087007EEFC2 /* Sources */ = {
			isa = PBXSourcesBuildPhase;
			buildActionMask = 2147483647;
			files = (
				4992D1D02A23C087007EEFC2 /* JX3MacAppTests.swift in Sources */,
			);
			runOnlyForDeploymentPostprocessing = 0;
		};
		4992D1D12A23C087007EEFC2 /* Sources */ = {
			isa = PBXSourcesBuildPhase;
			buildActionMask = 2147483647;
			files = (
				4992D1DC2A23C087007EEFC2 /* JX3MacAppUITestsLaunchTests.swift in Sources */,
				4992D1DA2A23C087007EEFC2 /* JX3MacAppUITests.swift in Sources */,
			);
			runOnlyForDeploymentPostprocessing = 0;
		};
/* End PBXSourcesBuildPhase section */

/* Begin PBXTargetDependency section */
		4992D1472A2278DD007EEFC2 /* PBXTargetDependency */ = {
			isa = PBXTargetDependency;
			target = 4992D1342A2278DB007EEFC2 /* JX3Demo */;
			targetProxy = 4992D1462A2278DD007EEFC2 /* PBXContainerItemProxy */;
		};
		4992D1512A2278DD007EEFC2 /* PBXTargetDependency */ = {
			isa = PBXTargetDependency;
			target = 4992D1342A2278DB007EEFC2 /* JX3Demo */;
			targetProxy = 4992D1502A2278DD007EEFC2 /* PBXContainerItemProxy */;
		};
		4992D19D2A2391DF007EEFC2 /* PBXTargetDependency */ = {
			isa = PBXTargetDependency;
			target = 4992D1882A2391DD007EEFC2 /* ServerStateWidgetExtension */;
			targetProxy = 4992D19C2A2391DF007EEFC2 /* PBXContainerItemProxy */;
		};
		4992D1CD2A23C087007EEFC2 /* PBXTargetDependency */ = {
			isa = PBXTargetDependency;
			target = 4992D1BA2A23C085007EEFC2 /* JX3MacApp */;
			targetProxy = 4992D1CC2A23C087007EEFC2 /* PBXContainerItemProxy */;
		};
		4992D1D72A23C087007EEFC2 /* PBXTargetDependency */ = {
			isa = PBXTargetDependency;
			target = 4992D1BA2A23C085007EEFC2 /* JX3MacApp */;
			targetProxy = 4992D1D62A23C087007EEFC2 /* PBXContainerItemProxy */;
		};
/* End PBXTargetDependency section */

/* Begin XCBuildConfiguration section */
		4992D1572A2278DD007EEFC2 /* Debug */ = {
			isa = XCBuildConfiguration;
			buildSettings = {
				ALWAYS_SEARCH_USER_PATHS = NO;
				CLANG_ANALYZER_NONNULL = YES;
				CLANG_ANALYZER_NUMBER_OBJECT_CONVERSION = YES_AGGRESSIVE;
				CLANG_CXX_LANGUAGE_STANDARD = "gnu++20";
				CLANG_ENABLE_MODULES = YES;
				CLANG_ENABLE_OBJC_ARC = YES;
				CLANG_ENABLE_OBJC_WEAK = YES;
				CLANG_WARN_BLOCK_CAPTURE_AUTORELEASING = YES;
				CLANG_WARN_BOOL_CONVERSION = YES;
				CLANG_WARN_COMMA = YES;
				CLANG_WARN_CONSTANT_CONVERSION = YES;
				CLANG_WARN_DEPRECATED_OBJC_IMPLEMENTATIONS = YES;
				CLANG_WARN_DIRECT_OBJC_ISA_USAGE = YES_ERROR;
				CLANG_WARN_DOCUMENTATION_COMMENTS = YES;
				CLANG_WARN_EMPTY_BODY = YES;
				CLANG_WARN_ENUM_CONVERSION = YES;
				CLANG_WARN_INFINITE_RECURSION = YES;
				CLANG_WARN_INT_CONVERSION = YES;
				CLANG_WARN_NON_LITERAL_NULL_CONVERSION = YES;
				CLANG_WARN_OBJC_IMPLICIT_RETAIN_SELF = YES;
				CLANG_WARN_OBJC_LITERAL_CONVERSION = YES;
				CLANG_WARN_OBJC_ROOT_CLASS = YES_ERROR;
				CLANG_WARN_QUOTED_INCLUDE_IN_FRAMEWORK_HEADER = YES;
				CLANG_WARN_RANGE_LOOP_ANALYSIS = YES;
				CLANG_WARN_STRICT_PROTOTYPES = YES;
				CLANG_WARN_SUSPICIOUS_MOVE = YES;
				CLANG_WARN_UNGUARDED_AVAILABILITY = YES_AGGRESSIVE;
				CLANG_WARN_UNREACHABLE_CODE = YES;
				CLANG_WARN__DUPLICATE_METHOD_MATCH = YES;
				COPY_PHASE_STRIP = NO;
				DEBUG_INFORMATION_FORMAT = dwarf;
				ENABLE_STRICT_OBJC_MSGSEND = YES;
				ENABLE_TESTABILITY = YES;
				GCC_C_LANGUAGE_STANDARD = gnu11;
				GCC_DYNAMIC_NO_PIC = NO;
				GCC_NO_COMMON_BLOCKS = YES;
				GCC_OPTIMIZATION_LEVEL = 0;
				GCC_PREPROCESSOR_DEFINITIONS = (
					"DEBUG=1",
					"$(inherited)",
				);
				GCC_WARN_64_TO_32_BIT_CONVERSION = YES;
				GCC_WARN_ABOUT_RETURN_TYPE = YES_ERROR;
				GCC_WARN_UNDECLARED_SELECTOR = YES;
				GCC_WARN_UNINITIALIZED_AUTOS = YES_AGGRESSIVE;
				GCC_WARN_UNUSED_FUNCTION = YES;
				GCC_WARN_UNUSED_VARIABLE = YES;
				IPHONEOS_DEPLOYMENT_TARGET = 16.4;
				MTL_ENABLE_DEBUG_INFO = INCLUDE_SOURCE;
				MTL_FAST_MATH = YES;
				ONLY_ACTIVE_ARCH = YES;
				SDKROOT = iphoneos;
				SWIFT_ACTIVE_COMPILATION_CONDITIONS = DEBUG;
				SWIFT_OPTIMIZATION_LEVEL = "-Onone";
			};
			name = Debug;
		};
		4992D1582A2278DD007EEFC2 /* Release */ = {
			isa = XCBuildConfiguration;
			buildSettings = {
				ALWAYS_SEARCH_USER_PATHS = NO;
				CLANG_ANALYZER_NONNULL = YES;
				CLANG_ANALYZER_NUMBER_OBJECT_CONVERSION = YES_AGGRESSIVE;
				CLANG_CXX_LANGUAGE_STANDARD = "gnu++20";
				CLANG_ENABLE_MODULES = YES;
				CLANG_ENABLE_OBJC_ARC = YES;
				CLANG_ENABLE_OBJC_WEAK = YES;
				CLANG_WARN_BLOCK_CAPTURE_AUTORELEASING = YES;
				CLANG_WARN_BOOL_CONVERSION = YES;
				CLANG_WARN_COMMA = YES;
				CLANG_WARN_CONSTANT_CONVERSION = YES;
				CLANG_WARN_DEPRECATED_OBJC_IMPLEMENTATIONS = YES;
				CLANG_WARN_DIRECT_OBJC_ISA_USAGE = YES_ERROR;
				CLANG_WARN_DOCUMENTATION_COMMENTS = YES;
				CLANG_WARN_EMPTY_BODY = YES;
				CLANG_WARN_ENUM_CONVERSION = YES;
				CLANG_WARN_INFINITE_RECURSION = YES;
				CLANG_WARN_INT_CONVERSION = YES;
				CLANG_WARN_NON_LITERAL_NULL_CONVERSION = YES;
				CLANG_WARN_OBJC_IMPLICIT_RETAIN_SELF = YES;
				CLANG_WARN_OBJC_LITERAL_CONVERSION = YES;
				CLANG_WARN_OBJC_ROOT_CLASS = YES_ERROR;
				CLANG_WARN_QUOTED_INCLUDE_IN_FRAMEWORK_HEADER = YES;
				CLANG_WARN_RANGE_LOOP_ANALYSIS = YES;
				CLANG_WARN_STRICT_PROTOTYPES = YES;
				CLANG_WARN_SUSPICIOUS_MOVE = YES;
				CLANG_WARN_UNGUARDED_AVAILABILITY = YES_AGGRESSIVE;
				CLANG_WARN_UNREACHABLE_CODE = YES;
				CLANG_WARN__DUPLICATE_METHOD_MATCH = YES;
				COPY_PHASE_STRIP = NO;
				DEBUG_INFORMATION_FORMAT = "dwarf-with-dsym";
				ENABLE_NS_ASSERTIONS = NO;
				ENABLE_STRICT_OBJC_MSGSEND = YES;
				GCC_C_LANGUAGE_STANDARD = gnu11;
				GCC_NO_COMMON_BLOCKS = YES;
				GCC_WARN_64_TO_32_BIT_CONVERSION = YES;
				GCC_WARN_ABOUT_RETURN_TYPE = YES_ERROR;
				GCC_WARN_UNDECLARED_SELECTOR = YES;
				GCC_WARN_UNINITIALIZED_AUTOS = YES_AGGRESSIVE;
				GCC_WARN_UNUSED_FUNCTION = YES;
				GCC_WARN_UNUSED_VARIABLE = YES;
				IPHONEOS_DEPLOYMENT_TARGET = 16.4;
				MTL_ENABLE_DEBUG_INFO = NO;
				MTL_FAST_MATH = YES;
				SDKROOT = iphoneos;
				SWIFT_COMPILATION_MODE = wholemodule;
				SWIFT_OPTIMIZATION_LEVEL = "-O";
				VALIDATE_PRODUCT = YES;
			};
			name = Release;
		};
		4992D15A2A2278DD007EEFC2 /* Debug */ = {
			isa = XCBuildConfiguration;
			buildSettings = {
				ALWAYS_EMBED_SWIFT_STANDARD_LIBRARIES = YES;
				ASSETCATALOG_COMPILER_APPICON_NAME = AppIcon;
				ASSETCATALOG_COMPILER_GLOBAL_ACCENT_COLOR_NAME = AccentColor;
				CODE_SIGN_STYLE = Automatic;
				CURRENT_PROJECT_VERSION = 1;
				DEVELOPMENT_ASSET_PATHS = "\"JX3Demo/Preview Content\"";
				DEVELOPMENT_TEAM = MYB5299FCX;
				ENABLE_PREVIEWS = YES;
				GENERATE_INFOPLIST_FILE = YES;
				INFOPLIST_FILE = JX3Demo/Info.plist;
				INFOPLIST_KEY_UIApplicationSceneManifest_Generation = YES;
				INFOPLIST_KEY_UIApplicationSupportsIndirectInputEvents = YES;
				INFOPLIST_KEY_UILaunchScreen_Generation = YES;
				INFOPLIST_KEY_UISupportedInterfaceOrientations_iPad = "UIInterfaceOrientationPortrait UIInterfaceOrientationPortraitUpsideDown UIInterfaceOrientationLandscapeLeft UIInterfaceOrientationLandscapeRight";
				INFOPLIST_KEY_UISupportedInterfaceOrientations_iPhone = "UIInterfaceOrientationPortrait UIInterfaceOrientationLandscapeLeft UIInterfaceOrientationLandscapeRight";
				LD_RUNPATH_SEARCH_PATHS = (
					"$(inherited)",
					"@executable_path/Frameworks",
				);
				MARKETING_VERSION = 1.0;
				PRODUCT_BUNDLE_IDENTIFIER = com.wttch.JX3Demo;
				PRODUCT_NAME = "$(TARGET_NAME)";
				SWIFT_EMIT_LOC_STRINGS = YES;
				SWIFT_VERSION = 5.0;
				TARGETED_DEVICE_FAMILY = "1,2";
			};
			name = Debug;
		};
		4992D15B2A2278DD007EEFC2 /* Release */ = {
			isa = XCBuildConfiguration;
			buildSettings = {
				ALWAYS_EMBED_SWIFT_STANDARD_LIBRARIES = YES;
				ASSETCATALOG_COMPILER_APPICON_NAME = AppIcon;
				ASSETCATALOG_COMPILER_GLOBAL_ACCENT_COLOR_NAME = AccentColor;
				CODE_SIGN_STYLE = Automatic;
				CURRENT_PROJECT_VERSION = 1;
				DEVELOPMENT_ASSET_PATHS = "\"JX3Demo/Preview Content\"";
				DEVELOPMENT_TEAM = MYB5299FCX;
				ENABLE_PREVIEWS = YES;
				GENERATE_INFOPLIST_FILE = YES;
				INFOPLIST_FILE = JX3Demo/Info.plist;
				INFOPLIST_KEY_UIApplicationSceneManifest_Generation = YES;
				INFOPLIST_KEY_UIApplicationSupportsIndirectInputEvents = YES;
				INFOPLIST_KEY_UILaunchScreen_Generation = YES;
				INFOPLIST_KEY_UISupportedInterfaceOrientations_iPad = "UIInterfaceOrientationPortrait UIInterfaceOrientationPortraitUpsideDown UIInterfaceOrientationLandscapeLeft UIInterfaceOrientationLandscapeRight";
				INFOPLIST_KEY_UISupportedInterfaceOrientations_iPhone = "UIInterfaceOrientationPortrait UIInterfaceOrientationLandscapeLeft UIInterfaceOrientationLandscapeRight";
				LD_RUNPATH_SEARCH_PATHS = (
					"$(inherited)",
					"@executable_path/Frameworks",
				);
				MARKETING_VERSION = 1.0;
				PRODUCT_BUNDLE_IDENTIFIER = com.wttch.JX3Demo;
				PRODUCT_NAME = "$(TARGET_NAME)";
				SWIFT_EMIT_LOC_STRINGS = YES;
				SWIFT_VERSION = 5.0;
				TARGETED_DEVICE_FAMILY = "1,2";
			};
			name = Release;
		};
		4992D15D2A2278DD007EEFC2 /* Debug */ = {
			isa = XCBuildConfiguration;
			buildSettings = {
				ALWAYS_EMBED_SWIFT_STANDARD_LIBRARIES = YES;
				BUNDLE_LOADER = "$(TEST_HOST)";
				CODE_SIGN_STYLE = Automatic;
				CURRENT_PROJECT_VERSION = 1;
				DEVELOPMENT_TEAM = MYB5299FCX;
				GENERATE_INFOPLIST_FILE = YES;
				IPHONEOS_DEPLOYMENT_TARGET = 16.4;
				MARKETING_VERSION = 1.0;
				PRODUCT_BUNDLE_IDENTIFIER = com.wttch.JX3DemoTests;
				PRODUCT_NAME = "$(TARGET_NAME)";
				SWIFT_EMIT_LOC_STRINGS = NO;
				SWIFT_VERSION = 5.0;
				TARGETED_DEVICE_FAMILY = "1,2";
				TEST_HOST = "$(BUILT_PRODUCTS_DIR)/JX3Demo.app/$(BUNDLE_EXECUTABLE_FOLDER_PATH)/JX3Demo";
			};
			name = Debug;
		};
		4992D15E2A2278DD007EEFC2 /* Release */ = {
			isa = XCBuildConfiguration;
			buildSettings = {
				ALWAYS_EMBED_SWIFT_STANDARD_LIBRARIES = YES;
				BUNDLE_LOADER = "$(TEST_HOST)";
				CODE_SIGN_STYLE = Automatic;
				CURRENT_PROJECT_VERSION = 1;
				DEVELOPMENT_TEAM = MYB5299FCX;
				GENERATE_INFOPLIST_FILE = YES;
				IPHONEOS_DEPLOYMENT_TARGET = 16.4;
				MARKETING_VERSION = 1.0;
				PRODUCT_BUNDLE_IDENTIFIER = com.wttch.JX3DemoTests;
				PRODUCT_NAME = "$(TARGET_NAME)";
				SWIFT_EMIT_LOC_STRINGS = NO;
				SWIFT_VERSION = 5.0;
				TARGETED_DEVICE_FAMILY = "1,2";
				TEST_HOST = "$(BUILT_PRODUCTS_DIR)/JX3Demo.app/$(BUNDLE_EXECUTABLE_FOLDER_PATH)/JX3Demo";
			};
			name = Release;
		};
		4992D1602A2278DD007EEFC2 /* Debug */ = {
			isa = XCBuildConfiguration;
			buildSettings = {
				ALWAYS_EMBED_SWIFT_STANDARD_LIBRARIES = YES;
				CODE_SIGN_STYLE = Automatic;
				CURRENT_PROJECT_VERSION = 1;
				DEVELOPMENT_TEAM = MYB5299FCX;
				GENERATE_INFOPLIST_FILE = YES;
				MARKETING_VERSION = 1.0;
				PRODUCT_BUNDLE_IDENTIFIER = com.wttch.JX3DemoUITests;
				PRODUCT_NAME = "$(TARGET_NAME)";
				SWIFT_EMIT_LOC_STRINGS = NO;
				SWIFT_VERSION = 5.0;
				TARGETED_DEVICE_FAMILY = "1,2";
				TEST_TARGET_NAME = JX3Demo;
			};
			name = Debug;
		};
		4992D1612A2278DD007EEFC2 /* Release */ = {
			isa = XCBuildConfiguration;
			buildSettings = {
				ALWAYS_EMBED_SWIFT_STANDARD_LIBRARIES = YES;
				CODE_SIGN_STYLE = Automatic;
				CURRENT_PROJECT_VERSION = 1;
				DEVELOPMENT_TEAM = MYB5299FCX;
				GENERATE_INFOPLIST_FILE = YES;
				MARKETING_VERSION = 1.0;
				PRODUCT_BUNDLE_IDENTIFIER = com.wttch.JX3DemoUITests;
				PRODUCT_NAME = "$(TARGET_NAME)";
				SWIFT_EMIT_LOC_STRINGS = NO;
				SWIFT_VERSION = 5.0;
				TARGETED_DEVICE_FAMILY = "1,2";
				TEST_TARGET_NAME = JX3Demo;
			};
			name = Release;
		};
		4992D1A02A2391DF007EEFC2 /* Debug */ = {
			isa = XCBuildConfiguration;
			buildSettings = {
				ASSETCATALOG_COMPILER_GLOBAL_ACCENT_COLOR_NAME = AccentColor;
				ASSETCATALOG_COMPILER_WIDGET_BACKGROUND_COLOR_NAME = WidgetBackground;
				CODE_SIGN_STYLE = Automatic;
				CURRENT_PROJECT_VERSION = 1;
				DEVELOPMENT_TEAM = MYB5299FCX;
				GENERATE_INFOPLIST_FILE = YES;
				INFOPLIST_FILE = ServerStateWidget/Info.plist;
				INFOPLIST_KEY_CFBundleDisplayName = ServerStateWidget;
				INFOPLIST_KEY_NSHumanReadableCopyright = "";
				LD_RUNPATH_SEARCH_PATHS = (
					"$(inherited)",
					"@executable_path/Frameworks",
					"@executable_path/../../Frameworks",
				);
				MARKETING_VERSION = 1.0;
				PRODUCT_BUNDLE_IDENTIFIER = com.wttch.JX3Demo.ServerStateWidget;
				PRODUCT_NAME = "$(TARGET_NAME)";
				SKIP_INSTALL = YES;
				SWIFT_EMIT_LOC_STRINGS = YES;
				SWIFT_VERSION = 5.0;
				TARGETED_DEVICE_FAMILY = "1,2";
			};
			name = Debug;
		};
		4992D1A12A2391DF007EEFC2 /* Release */ = {
			isa = XCBuildConfiguration;
			buildSettings = {
				ASSETCATALOG_COMPILER_GLOBAL_ACCENT_COLOR_NAME = AccentColor;
				ASSETCATALOG_COMPILER_WIDGET_BACKGROUND_COLOR_NAME = WidgetBackground;
				CODE_SIGN_STYLE = Automatic;
				CURRENT_PROJECT_VERSION = 1;
				DEVELOPMENT_TEAM = MYB5299FCX;
				GENERATE_INFOPLIST_FILE = YES;
				INFOPLIST_FILE = ServerStateWidget/Info.plist;
				INFOPLIST_KEY_CFBundleDisplayName = ServerStateWidget;
				INFOPLIST_KEY_NSHumanReadableCopyright = "";
				LD_RUNPATH_SEARCH_PATHS = (
					"$(inherited)",
					"@executable_path/Frameworks",
					"@executable_path/../../Frameworks",
				);
				MARKETING_VERSION = 1.0;
				PRODUCT_BUNDLE_IDENTIFIER = com.wttch.JX3Demo.ServerStateWidget;
				PRODUCT_NAME = "$(TARGET_NAME)";
				SKIP_INSTALL = YES;
				SWIFT_EMIT_LOC_STRINGS = YES;
				SWIFT_VERSION = 5.0;
				TARGETED_DEVICE_FAMILY = "1,2";
			};
			name = Release;
		};
		4992D1DE2A23C087007EEFC2 /* Debug */ = {
			isa = XCBuildConfiguration;
			buildSettings = {
				ASSETCATALOG_COMPILER_APPICON_NAME = AppIcon;
				ASSETCATALOG_COMPILER_GLOBAL_ACCENT_COLOR_NAME = AccentColor;
				CODE_SIGN_ENTITLEMENTS = JX3MacApp/JX3MacApp.entitlements;
				CODE_SIGN_STYLE = Automatic;
				COMBINE_HIDPI_IMAGES = YES;
				CURRENT_PROJECT_VERSION = 1;
				DEVELOPMENT_ASSET_PATHS = "\"JX3MacApp/Preview Content\"";
				DEVELOPMENT_TEAM = MYB5299FCX;
				ENABLE_HARDENED_RUNTIME = YES;
				ENABLE_PREVIEWS = YES;
				GENERATE_INFOPLIST_FILE = YES;
				INFOPLIST_KEY_NSHumanReadableCopyright = "";
				LD_RUNPATH_SEARCH_PATHS = (
					"$(inherited)",
					"@executable_path/../Frameworks",
				);
				MACOSX_DEPLOYMENT_TARGET = 13.3;
				MARKETING_VERSION = 1.0;
				PRODUCT_BUNDLE_IDENTIFIER = com.wttch.JX3MacApp;
				PRODUCT_NAME = "$(TARGET_NAME)";
				SDKROOT = macosx;
				SWIFT_EMIT_LOC_STRINGS = YES;
				SWIFT_VERSION = 5.0;
			};
			name = Debug;
		};
		4992D1DF2A23C087007EEFC2 /* Release */ = {
			isa = XCBuildConfiguration;
			buildSettings = {
				ASSETCATALOG_COMPILER_APPICON_NAME = AppIcon;
				ASSETCATALOG_COMPILER_GLOBAL_ACCENT_COLOR_NAME = AccentColor;
				CODE_SIGN_ENTITLEMENTS = JX3MacApp/JX3MacApp.entitlements;
				CODE_SIGN_STYLE = Automatic;
				COMBINE_HIDPI_IMAGES = YES;
				CURRENT_PROJECT_VERSION = 1;
				DEVELOPMENT_ASSET_PATHS = "\"JX3MacApp/Preview Content\"";
				DEVELOPMENT_TEAM = MYB5299FCX;
				ENABLE_HARDENED_RUNTIME = YES;
				ENABLE_PREVIEWS = YES;
				GENERATE_INFOPLIST_FILE = YES;
				INFOPLIST_KEY_NSHumanReadableCopyright = "";
				LD_RUNPATH_SEARCH_PATHS = (
					"$(inherited)",
					"@executable_path/../Frameworks",
				);
				MACOSX_DEPLOYMENT_TARGET = 13.3;
				MARKETING_VERSION = 1.0;
				PRODUCT_BUNDLE_IDENTIFIER = com.wttch.JX3MacApp;
				PRODUCT_NAME = "$(TARGET_NAME)";
				SDKROOT = macosx;
				SWIFT_EMIT_LOC_STRINGS = YES;
				SWIFT_VERSION = 5.0;
			};
			name = Release;
		};
		4992D1E12A23C087007EEFC2 /* Debug */ = {
			isa = XCBuildConfiguration;
			buildSettings = {
				ALWAYS_EMBED_SWIFT_STANDARD_LIBRARIES = YES;
				BUNDLE_LOADER = "$(TEST_HOST)";
				CODE_SIGN_STYLE = Automatic;
				CURRENT_PROJECT_VERSION = 1;
				DEVELOPMENT_TEAM = MYB5299FCX;
				GENERATE_INFOPLIST_FILE = YES;
				MACOSX_DEPLOYMENT_TARGET = 13.3;
				MARKETING_VERSION = 1.0;
				PRODUCT_BUNDLE_IDENTIFIER = com.wttch.JX3MacAppTests;
				PRODUCT_NAME = "$(TARGET_NAME)";
				SDKROOT = macosx;
				SWIFT_EMIT_LOC_STRINGS = NO;
				SWIFT_VERSION = 5.0;
				TEST_HOST = "$(BUILT_PRODUCTS_DIR)/JX3MacApp.app/$(BUNDLE_EXECUTABLE_FOLDER_PATH)/JX3MacApp";
			};
			name = Debug;
		};
		4992D1E22A23C087007EEFC2 /* Release */ = {
			isa = XCBuildConfiguration;
			buildSettings = {
				ALWAYS_EMBED_SWIFT_STANDARD_LIBRARIES = YES;
				BUNDLE_LOADER = "$(TEST_HOST)";
				CODE_SIGN_STYLE = Automatic;
				CURRENT_PROJECT_VERSION = 1;
				DEVELOPMENT_TEAM = MYB5299FCX;
				GENERATE_INFOPLIST_FILE = YES;
				MACOSX_DEPLOYMENT_TARGET = 13.3;
				MARKETING_VERSION = 1.0;
				PRODUCT_BUNDLE_IDENTIFIER = com.wttch.JX3MacAppTests;
				PRODUCT_NAME = "$(TARGET_NAME)";
				SDKROOT = macosx;
				SWIFT_EMIT_LOC_STRINGS = NO;
				SWIFT_VERSION = 5.0;
				TEST_HOST = "$(BUILT_PRODUCTS_DIR)/JX3MacApp.app/$(BUNDLE_EXECUTABLE_FOLDER_PATH)/JX3MacApp";
			};
			name = Release;
		};
		4992D1E42A23C087007EEFC2 /* Debug */ = {
			isa = XCBuildConfiguration;
			buildSettings = {
				ALWAYS_EMBED_SWIFT_STANDARD_LIBRARIES = YES;
				CODE_SIGN_STYLE = Automatic;
				CURRENT_PROJECT_VERSION = 1;
				DEVELOPMENT_TEAM = MYB5299FCX;
				GENERATE_INFOPLIST_FILE = YES;
				MACOSX_DEPLOYMENT_TARGET = 13.3;
				MARKETING_VERSION = 1.0;
				PRODUCT_BUNDLE_IDENTIFIER = com.wttch.JX3MacAppUITests;
				PRODUCT_NAME = "$(TARGET_NAME)";
				SDKROOT = macosx;
				SWIFT_EMIT_LOC_STRINGS = NO;
				SWIFT_VERSION = 5.0;
				TEST_TARGET_NAME = JX3MacApp;
			};
			name = Debug;
		};
		4992D1E52A23C087007EEFC2 /* Release */ = {
			isa = XCBuildConfiguration;
			buildSettings = {
				ALWAYS_EMBED_SWIFT_STANDARD_LIBRARIES = YES;
				CODE_SIGN_STYLE = Automatic;
				CURRENT_PROJECT_VERSION = 1;
				DEVELOPMENT_TEAM = MYB5299FCX;
				GENERATE_INFOPLIST_FILE = YES;
				MACOSX_DEPLOYMENT_TARGET = 13.3;
				MARKETING_VERSION = 1.0;
				PRODUCT_BUNDLE_IDENTIFIER = com.wttch.JX3MacAppUITests;
				PRODUCT_NAME = "$(TARGET_NAME)";
				SDKROOT = macosx;
				SWIFT_EMIT_LOC_STRINGS = NO;
				SWIFT_VERSION = 5.0;
				TEST_TARGET_NAME = JX3MacApp;
			};
			name = Release;
		};
/* End XCBuildConfiguration section */

/* Begin XCConfigurationList section */
		4992D1302A2278DB007EEFC2 /* Build configuration list for PBXProject "JX3Demo" */ = {
			isa = XCConfigurationList;
			buildConfigurations = (
				4992D1572A2278DD007EEFC2 /* Debug */,
				4992D1582A2278DD007EEFC2 /* Release */,
			);
			defaultConfigurationIsVisible = 0;
			defaultConfigurationName = Release;
		};
		4992D1592A2278DD007EEFC2 /* Build configuration list for PBXNativeTarget "JX3Demo" */ = {
			isa = XCConfigurationList;
			buildConfigurations = (
				4992D15A2A2278DD007EEFC2 /* Debug */,
				4992D15B2A2278DD007EEFC2 /* Release */,
			);
			defaultConfigurationIsVisible = 0;
			defaultConfigurationName = Release;
		};
		4992D15C2A2278DD007EEFC2 /* Build configuration list for PBXNativeTarget "JX3DemoTests" */ = {
			isa = XCConfigurationList;
			buildConfigurations = (
				4992D15D2A2278DD007EEFC2 /* Debug */,
				4992D15E2A2278DD007EEFC2 /* Release */,
			);
			defaultConfigurationIsVisible = 0;
			defaultConfigurationName = Release;
		};
		4992D15F2A2278DD007EEFC2 /* Build configuration list for PBXNativeTarget "JX3DemoUITests" */ = {
			isa = XCConfigurationList;
			buildConfigurations = (
				4992D1602A2278DD007EEFC2 /* Debug */,
				4992D1612A2278DD007EEFC2 /* Release */,
			);
			defaultConfigurationIsVisible = 0;
			defaultConfigurationName = Release;
		};
		4992D19F2A2391DF007EEFC2 /* Build configuration list for PBXNativeTarget "ServerStateWidgetExtension" */ = {
			isa = XCConfigurationList;
			buildConfigurations = (
				4992D1A02A2391DF007EEFC2 /* Debug */,
				4992D1A12A2391DF007EEFC2 /* Release */,
			);
			defaultConfigurationIsVisible = 0;
			defaultConfigurationName = Release;
		};
		4992D1DD2A23C087007EEFC2 /* Build configuration list for PBXNativeTarget "JX3MacApp" */ = {
			isa = XCConfigurationList;
			buildConfigurations = (
				4992D1DE2A23C087007EEFC2 /* Debug */,
				4992D1DF2A23C087007EEFC2 /* Release */,
			);
			defaultConfigurationIsVisible = 0;
			defaultConfigurationName = Release;
		};
		4992D1E02A23C087007EEFC2 /* Build configuration list for PBXNativeTarget "JX3MacAppTests" */ = {
			isa = XCConfigurationList;
			buildConfigurations = (
				4992D1E12A23C087007EEFC2 /* Debug */,
				4992D1E22A23C087007EEFC2 /* Release */,
			);
			defaultConfigurationIsVisible = 0;
			defaultConfigurationName = Release;
		};
		4992D1E32A23C087007EEFC2 /* Build configuration list for PBXNativeTarget "JX3MacAppUITests" */ = {
			isa = XCConfigurationList;
			buildConfigurations = (
				4992D1E42A23C087007EEFC2 /* Debug */,
				4992D1E52A23C087007EEFC2 /* Release */,
			);
			defaultConfigurationIsVisible = 0;
			defaultConfigurationName = Release;
		};
/* End XCConfigurationList section */

/* Begin XCVersionGroup section */
		4992D1802A234939007EEFC2 /* JX3.xcdatamodeld */ = {
			isa = XCVersionGroup;
			children = (
				4992D1812A234939007EEFC2 /* JX3.xcdatamodel */,
			);
			currentVersion = 4992D1812A234939007EEFC2 /* JX3.xcdatamodel */;
			path = JX3.xcdatamodeld;
			sourceTree = "<group>";
			versionGroupType = wrapper.xcdatamodel;
		};
/* End XCVersionGroup section */
	};
	rootObject = 4992D12D2A2278DB007EEFC2 /* Project object */;
}
